// !$*UTF8*$!
{
	archiveVersion = 1;
	classes = {
	};
	objectVersion = 56;
	objects = {

/* Begin PBXBuildFile section */
		89052CA02E50511600CB0597 /* GetFolderEntitiesUseCase.swift in Sources */ = {isa = PBXBuildFile; fileRef = 89052C9F2E50511600CB0597 /* GetFolderEntitiesUseCase.swift */; };
		89052CCF2E50B74100CB0597 /* RealmSwift in Frameworks */ = {isa = PBXBuildFile; productRef = 89052CCE2E50B74100CB0597 /* RealmSwift */; };
		89052CD02E50B74100CB0597 /* RealmSwift in Embed Frameworks */ = {isa = PBXBuildFile; productRef = 89052CCE2E50B74100CB0597 /* RealmSwift */; settings = {ATTRIBUTES = (CodeSignOnCopy, ); }; };
		89052CD32E50CD3F00CB0597 /* UseCase.swift in Sources */ = {isa = PBXBuildFile; fileRef = 89052CD22E50CD3F00CB0597 /* UseCase.swift */; };
		89052CD52E51A7CE00CB0597 /* AddFolderEntityUseCase.swift in Sources */ = {isa = PBXBuildFile; fileRef = 89052CD42E51A7CE00CB0597 /* AddFolderEntityUseCase.swift */; };
		8944969C2E46547600482CF8 /* MainPresenter.swift in Sources */ = {isa = PBXBuildFile; fileRef = 8944969B2E46547600482CF8 /* MainPresenter.swift */; };
		894496A42E466AB300482CF8 /* MakeFolderChiefViewConUseCase.swift in Sources */ = {isa = PBXBuildFile; fileRef = 894496A32E466AB300482CF8 /* MakeFolderChiefViewConUseCase.swift */; };
		897A8B272E3FCDAA00A4852C /* AppDelegate.swift in Sources */ = {isa = PBXBuildFile; fileRef = 897A8B262E3FCDAA00A4852C /* AppDelegate.swift */; };
		897A8B292E3FCDAA00A4852C /* SceneDelegate.swift in Sources */ = {isa = PBXBuildFile; fileRef = 897A8B282E3FCDAA00A4852C /* SceneDelegate.swift */; };
		897A8B2B2E3FCDAA00A4852C /* MainViewController.swift in Sources */ = {isa = PBXBuildFile; fileRef = 897A8B2A2E3FCDAA00A4852C /* MainViewController.swift */; };
		897A8B2E2E3FCDAA00A4852C /* Main.storyboard in Resources */ = {isa = PBXBuildFile; fileRef = 897A8B2C2E3FCDAA00A4852C /* Main.storyboard */; };
		897A8B302E3FCDAB00A4852C /* Assets.xcassets in Resources */ = {isa = PBXBuildFile; fileRef = 897A8B2F2E3FCDAB00A4852C /* Assets.xcassets */; };
		897A8B332E3FCDAB00A4852C /* LaunchScreen.storyboard in Resources */ = {isa = PBXBuildFile; fileRef = 897A8B312E3FCDAB00A4852C /* LaunchScreen.storyboard */; };
		89976EA52E47166F00791ED4 /* AppDependencies.swift in Sources */ = {isa = PBXBuildFile; fileRef = 89976EA42E47166E00791ED4 /* AppDependencies.swift */; };
		89976EB52E4755AB00791ED4 /* FolderEntity.swift in Sources */ = {isa = PBXBuildFile; fileRef = 89976EB42E4755AB00791ED4 /* FolderEntity.swift */; };
		89976EB92E476AA800791ED4 /* MemoEntity.swift in Sources */ = {isa = PBXBuildFile; fileRef = 89976EB82E476AA800791ED4 /* MemoEntity.swift */; };
		89976EC02E48211600791ED4 /* FolderPresenter.swift in Sources */ = {isa = PBXBuildFile; fileRef = 89976EBF2E48211600791ED4 /* FolderPresenter.swift */; };
		89976EC32E48215500791ED4 /* Folder.storyboard in Resources */ = {isa = PBXBuildFile; fileRef = 89976EC22E48215500791ED4 /* Folder.storyboard */; };
		89976EC52E4829B400791ED4 /* FolderViewController.swift in Sources */ = {isa = PBXBuildFile; fileRef = 89976EC42E4829B400791ED4 /* FolderViewController.swift */; };
/* End PBXBuildFile section */

/* Begin PBXCopyFilesBuildPhase section */
		89976EAC2E473A2D00791ED4 /* Embed Frameworks */ = {
			isa = PBXCopyFilesBuildPhase;
			buildActionMask = 2147483647;
			dstPath = "";
			dstSubfolderSpec = 10;
			files = (
				89052CD02E50B74100CB0597 /* RealmSwift in Embed Frameworks */,
			);
			name = "Embed Frameworks";
			runOnlyForDeploymentPostprocessing = 0;
		};
/* End PBXCopyFilesBuildPhase section */

/* Begin PBXFileReference section */
		2A64BA55BF695C3374951267 /* Pods-SmartList.release.xcconfig */ = {isa = PBXFileReference; includeInIndex = 1; lastKnownFileType = text.xcconfig; name = "Pods-SmartList.release.xcconfig"; path = "Target Support Files/Pods-SmartList/Pods-SmartList.release.xcconfig"; sourceTree = "<group>"; };
		89052C9F2E50511600CB0597 /* GetFolderEntitiesUseCase.swift */ = {isa = PBXFileReference; lastKnownFileType = sourcecode.swift; path = GetFolderEntitiesUseCase.swift; sourceTree = "<group>"; };
		89052CD22E50CD3F00CB0597 /* UseCase.swift */ = {isa = PBXFileReference; lastKnownFileType = sourcecode.swift; path = UseCase.swift; sourceTree = "<group>"; };
		89052CD42E51A7CE00CB0597 /* AddFolderEntityUseCase.swift */ = {isa = PBXFileReference; lastKnownFileType = sourcecode.swift; path = AddFolderEntityUseCase.swift; sourceTree = "<group>"; };
		8944969B2E46547600482CF8 /* MainPresenter.swift */ = {isa = PBXFileReference; lastKnownFileType = sourcecode.swift; path = MainPresenter.swift; sourceTree = "<group>"; };
		894496A32E466AB300482CF8 /* MakeFolderChiefViewConUseCase.swift */ = {isa = PBXFileReference; lastKnownFileType = sourcecode.swift; path = MakeFolderChiefViewConUseCase.swift; sourceTree = "<group>"; };
		897A8B232E3FCDAA00A4852C /* SmartList.app */ = {isa = PBXFileReference; explicitFileType = wrapper.application; includeInIndex = 0; path = SmartList.app; sourceTree = BUILT_PRODUCTS_DIR; };
		897A8B262E3FCDAA00A4852C /* AppDelegate.swift */ = {isa = PBXFileReference; lastKnownFileType = sourcecode.swift; path = AppDelegate.swift; sourceTree = "<group>"; };
		897A8B282E3FCDAA00A4852C /* SceneDelegate.swift */ = {isa = PBXFileReference; lastKnownFileType = sourcecode.swift; path = SceneDelegate.swift; sourceTree = "<group>"; };
		897A8B2A2E3FCDAA00A4852C /* MainViewController.swift */ = {isa = PBXFileReference; lastKnownFileType = sourcecode.swift; path = MainViewController.swift; sourceTree = "<group>"; };
		897A8B2D2E3FCDAA00A4852C /* Base */ = {isa = PBXFileReference; lastKnownFileType = file.storyboard; name = Base; path = Base.lproj/Main.storyboard; sourceTree = "<group>"; };
		897A8B2F2E3FCDAB00A4852C /* Assets.xcassets */ = {isa = PBXFileReference; lastKnownFileType = folder.assetcatalog; path = Assets.xcassets; sourceTree = "<group>"; };
		897A8B322E3FCDAB00A4852C /* Base */ = {isa = PBXFileReference; lastKnownFileType = file.storyboard; name = Base; path = Base.lproj/LaunchScreen.storyboard; sourceTree = "<group>"; };
		897A8B342E3FCDAB00A4852C /* Info.plist */ = {isa = PBXFileReference; lastKnownFileType = text.plist.xml; path = Info.plist; sourceTree = "<group>"; };
		89976EA42E47166E00791ED4 /* AppDependencies.swift */ = {isa = PBXFileReference; lastKnownFileType = sourcecode.swift; path = AppDependencies.swift; sourceTree = "<group>"; };
		89976EB42E4755AB00791ED4 /* FolderEntity.swift */ = {isa = PBXFileReference; lastKnownFileType = sourcecode.swift; path = FolderEntity.swift; sourceTree = "<group>"; };
		89976EB82E476AA800791ED4 /* MemoEntity.swift */ = {isa = PBXFileReference; lastKnownFileType = sourcecode.swift; path = MemoEntity.swift; sourceTree = "<group>"; };
		89976EBF2E48211600791ED4 /* FolderPresenter.swift */ = {isa = PBXFileReference; lastKnownFileType = sourcecode.swift; path = FolderPresenter.swift; sourceTree = "<group>"; };
		89976EC22E48215500791ED4 /* Folder.storyboard */ = {isa = PBXFileReference; lastKnownFileType = file.storyboard; path = Folder.storyboard; sourceTree = "<group>"; };
		89976EC42E4829B400791ED4 /* FolderViewController.swift */ = {isa = PBXFileReference; lastKnownFileType = sourcecode.swift; path = FolderViewController.swift; sourceTree = "<group>"; };
		BF9342DBA29492852976B2E8 /* Pods_SmartList.framework */ = {isa = PBXFileReference; explicitFileType = wrapper.framework; includeInIndex = 0; path = Pods_SmartList.framework; sourceTree = BUILT_PRODUCTS_DIR; };
		D99CE01142F9740F98A4FCBF /* Pods-SmartList.debug.xcconfig */ = {isa = PBXFileReference; includeInIndex = 1; lastKnownFileType = text.xcconfig; name = "Pods-SmartList.debug.xcconfig"; path = "Target Support Files/Pods-SmartList/Pods-SmartList.debug.xcconfig"; sourceTree = "<group>"; };
/* End PBXFileReference section */

/* Begin PBXFrameworksBuildPhase section */
		897A8B202E3FCDAA00A4852C /* Frameworks */ = {
			isa = PBXFrameworksBuildPhase;
			buildActionMask = 2147483647;
			files = (
				89052CCF2E50B74100CB0597 /* RealmSwift in Frameworks */,
			);
			runOnlyForDeploymentPostprocessing = 0;
		};
/* End PBXFrameworksBuildPhase section */

/* Begin PBXGroup section */
		6E5B7F9A1359AB96139DB7A0 /* Pods */ = {
			isa = PBXGroup;
			children = (
				D99CE01142F9740F98A4FCBF /* Pods-SmartList.debug.xcconfig */,
				2A64BA55BF695C3374951267 /* Pods-SmartList.release.xcconfig */,
			);
			path = Pods;
			sourceTree = "<group>";
		};
		7CEFE9EA5E55367EDA05EB8B /* Frameworks */ = {
			isa = PBXGroup;
			children = (
				BF9342DBA29492852976B2E8 /* Pods_SmartList.framework */,
			);
			name = Frameworks;
			sourceTree = "<group>";
		};
		89052CD12E50CD2200CB0597 /* UseCase */ = {
			isa = PBXGroup;
			children = (
				89052CD22E50CD3F00CB0597 /* UseCase.swift */,
			);
			path = UseCase;
			sourceTree = "<group>";
		};
		8944969D2E465BB700482CF8 /* Modules */ = {
			isa = PBXGroup;
			children = (
				8944969E2E465BCE00482CF8 /* Main */,
				89976EBA2E48202000791ED4 /* Folder */,
			);
			path = Modules;
			sourceTree = "<group>";
		};
		8944969E2E465BCE00482CF8 /* Main */ = {
			isa = PBXGroup;
			children = (
				894496A02E465C3F00482CF8 /* View */,
				894496A12E465C4800482CF8 /* Presenter */,
				894496A22E4669BA00482CF8 /* Interactor */,
			);
			path = Main;
			sourceTree = "<group>";
		};
		894496A02E465C3F00482CF8 /* View */ = {
			isa = PBXGroup;
			children = (
				897A8B2A2E3FCDAA00A4852C /* MainViewController.swift */,
				897A8B2C2E3FCDAA00A4852C /* Main.storyboard */,
			);
			path = View;
			sourceTree = "<group>";
		};
		894496A12E465C4800482CF8 /* Presenter */ = {
			isa = PBXGroup;
			children = (
				8944969B2E46547600482CF8 /* MainPresenter.swift */,
			);
			path = Presenter;
			sourceTree = "<group>";
		};
		894496A22E4669BA00482CF8 /* Interactor */ = {
			isa = PBXGroup;
			children = (
				894496A32E466AB300482CF8 /* MakeFolderChiefViewConUseCase.swift */,
				89052C9F2E50511600CB0597 /* GetFolderEntitiesUseCase.swift */,
				89052CD42E51A7CE00CB0597 /* AddFolderEntityUseCase.swift */,
			);
			path = Interactor;
			sourceTree = "<group>";
		};
		897A8B1A2E3FCDAA00A4852C = {
			isa = PBXGroup;
			children = (
				897A8B252E3FCDAA00A4852C /* SmartList */,
				897A8B242E3FCDAA00A4852C /* Products */,
				6E5B7F9A1359AB96139DB7A0 /* Pods */,
				7CEFE9EA5E55367EDA05EB8B /* Frameworks */,
			);
			sourceTree = "<group>";
		};
		897A8B242E3FCDAA00A4852C /* Products */ = {
			isa = PBXGroup;
			children = (
				897A8B232E3FCDAA00A4852C /* SmartList.app */,
			);
			name = Products;
			sourceTree = "<group>";
		};
		897A8B252E3FCDAA00A4852C /* SmartList */ = {
			isa = PBXGroup;
			children = (
				897A8B262E3FCDAA00A4852C /* AppDelegate.swift */,
				897A8B282E3FCDAA00A4852C /* SceneDelegate.swift */,
				89976EA42E47166E00791ED4 /* AppDependencies.swift */,
				89976EB32E47558400791ED4 /* Entity */,
				89052CD12E50CD2200CB0597 /* UseCase */,
				8944969D2E465BB700482CF8 /* Modules */,
				897A8B2F2E3FCDAB00A4852C /* Assets.xcassets */,
				897A8B312E3FCDAB00A4852C /* LaunchScreen.storyboard */,
				897A8B342E3FCDAB00A4852C /* Info.plist */,
			);
			path = SmartList;
			sourceTree = "<group>";
		};
		89976EB32E47558400791ED4 /* Entity */ = {
			isa = PBXGroup;
			children = (
				89976EB42E4755AB00791ED4 /* FolderEntity.swift */,
				89976EB82E476AA800791ED4 /* MemoEntity.swift */,
			);
			path = Entity;
			sourceTree = "<group>";
		};
		89976EBA2E48202000791ED4 /* Folder */ = {
			isa = PBXGroup;
			children = (
				89976EBD2E4820EB00791ED4 /* View */,
				89976EBE2E4820F400791ED4 /* Presenter */,
				89976EC12E48212000791ED4 /* Interactor */,
			);
			path = Folder;
			sourceTree = "<group>";
		};
		89976EBD2E4820EB00791ED4 /* View */ = {
			isa = PBXGroup;
			children = (
				89976EC42E4829B400791ED4 /* FolderViewController.swift */,
				89976EC22E48215500791ED4 /* Folder.storyboard */,
			);
			path = View;
			sourceTree = "<group>";
		};
		89976EBE2E4820F400791ED4 /* Presenter */ = {
			isa = PBXGroup;
			children = (
				89976EBF2E48211600791ED4 /* FolderPresenter.swift */,
			);
			path = Presenter;
			sourceTree = "<group>";
		};
		89976EC12E48212000791ED4 /* Interactor */ = {
			isa = PBXGroup;
			children = (
			);
			path = Interactor;
			sourceTree = "<group>";
		};
/* End PBXGroup section */

/* Begin PBXNativeTarget section */
		897A8B222E3FCDAA00A4852C /* SmartList */ = {
			isa = PBXNativeTarget;
			buildConfigurationList = 897A8B372E3FCDAB00A4852C /* Build configuration list for PBXNativeTarget "SmartList" */;
			buildPhases = (
				CF7D0B3218182E3ADDFA4AB8 /* [CP] Check Pods Manifest.lock */,
				897A8B1F2E3FCDAA00A4852C /* Sources */,
				897A8B202E3FCDAA00A4852C /* Frameworks */,
				897A8B212E3FCDAA00A4852C /* Resources */,
				BBC7A2DC805D4B35335D09B1 /* [CP] Embed Pods Frameworks */,
				89976EAC2E473A2D00791ED4 /* Embed Frameworks */,
			);
			buildRules = (
			);
			dependencies = (
			);
			name = SmartList;
			packageProductDependencies = (
				89052CCE2E50B74100CB0597 /* RealmSwift */,
			);
			productName = SmartList;
			productReference = 897A8B232E3FCDAA00A4852C /* SmartList.app */;
			productType = "com.apple.product-type.application";
		};
/* End PBXNativeTarget section */

/* Begin PBXProject section */
		897A8B1B2E3FCDAA00A4852C /* Project object */ = {
			isa = PBXProject;
			attributes = {
				BuildIndependentTargetsInParallel = 1;
				LastSwiftUpdateCheck = 1510;
				LastUpgradeCheck = 1510;
				TargetAttributes = {
					897A8B222E3FCDAA00A4852C = {
						CreatedOnToolsVersion = 15.1;
					};
				};
			};
			buildConfigurationList = 897A8B1E2E3FCDAA00A4852C /* Build configuration list for PBXProject "SmartList" */;
			compatibilityVersion = "Xcode 14.0";
			developmentRegion = en;
			hasScannedForEncodings = 0;
			knownRegions = (
				en,
				Base,
			);
			mainGroup = 897A8B1A2E3FCDAA00A4852C;
			packageReferences = (
				89976EA62E47389400791ED4 /* XCRemoteSwiftPackageReference "realm-swift" */,
			);
			productRefGroup = 897A8B242E3FCDAA00A4852C /* Products */;
			projectDirPath = "";
			projectRoot = "";
			targets = (
				897A8B222E3FCDAA00A4852C /* SmartList */,
			);
		};
/* End PBXProject section */

/* Begin PBXResourcesBuildPhase section */
		897A8B212E3FCDAA00A4852C /* Resources */ = {
			isa = PBXResourcesBuildPhase;
			buildActionMask = 2147483647;
			files = (
				89976EC32E48215500791ED4 /* Folder.storyboard in Resources */,
				897A8B332E3FCDAB00A4852C /* LaunchScreen.storyboard in Resources */,
				897A8B302E3FCDAB00A4852C /* Assets.xcassets in Resources */,
				897A8B2E2E3FCDAA00A4852C /* Main.storyboard in Resources */,
			);
			runOnlyForDeploymentPostprocessing = 0;
		};
/* End PBXResourcesBuildPhase section */

/* Begin PBXShellScriptBuildPhase section */
		BBC7A2DC805D4B35335D09B1 /* [CP] Embed Pods Frameworks */ = {
			isa = PBXShellScriptBuildPhase;
			buildActionMask = 2147483647;
			files = (
			);
			inputFileListPaths = (
				"${PODS_ROOT}/Target Support Files/Pods-SmartList/Pods-SmartList-frameworks-${CONFIGURATION}-input-files.xcfilelist",
			);
			name = "[CP] Embed Pods Frameworks";
			outputFileListPaths = (
				"${PODS_ROOT}/Target Support Files/Pods-SmartList/Pods-SmartList-frameworks-${CONFIGURATION}-output-files.xcfilelist",
			);
			runOnlyForDeploymentPostprocessing = 0;
			shellPath = /bin/sh;
			shellScript = "\"${PODS_ROOT}/Target Support Files/Pods-SmartList/Pods-SmartList-frameworks.sh\"\n";
			showEnvVarsInLog = 0;
		};
		CF7D0B3218182E3ADDFA4AB8 /* [CP] Check Pods Manifest.lock */ = {
			isa = PBXShellScriptBuildPhase;
			buildActionMask = 2147483647;
			files = (
			);
			inputFileListPaths = (
			);
			inputPaths = (
				"${PODS_PODFILE_DIR_PATH}/Podfile.lock",
				"${PODS_ROOT}/Manifest.lock",
			);
			name = "[CP] Check Pods Manifest.lock";
			outputFileListPaths = (
			);
			outputPaths = (
				"$(DERIVED_FILE_DIR)/Pods-SmartList-checkManifestLockResult.txt",
			);
			runOnlyForDeploymentPostprocessing = 0;
			shellPath = /bin/sh;
			shellScript = "diff \"${PODS_PODFILE_DIR_PATH}/Podfile.lock\" \"${PODS_ROOT}/Manifest.lock\" > /dev/null\nif [ $? != 0 ] ; then\n    # print error to STDERR\n    echo \"error: The sandbox is not in sync with the Podfile.lock. Run 'pod install' or update your CocoaPods installation.\" >&2\n    exit 1\nfi\n# This output is used by Xcode 'outputs' to avoid re-running this script phase.\necho \"SUCCESS\" > \"${SCRIPT_OUTPUT_FILE_0}\"\n";
			showEnvVarsInLog = 0;
		};
/* End PBXShellScriptBuildPhase section */

/* Begin PBXSourcesBuildPhase section */
		897A8B1F2E3FCDAA00A4852C /* Sources */ = {
			isa = PBXSourcesBuildPhase;
			buildActionMask = 2147483647;
			files = (
				89052CA02E50511600CB0597 /* GetFolderEntitiesUseCase.swift in Sources */,
				89976EB92E476AA800791ED4 /* MemoEntity.swift in Sources */,
				89976EA52E47166F00791ED4 /* AppDependencies.swift in Sources */,
				89052CD52E51A7CE00CB0597 /* AddFolderEntityUseCase.swift in Sources */,
				897A8B2B2E3FCDAA00A4852C /* MainViewController.swift in Sources */,
				894496A42E466AB300482CF8 /* MakeFolderChiefViewConUseCase.swift in Sources */,
				897A8B272E3FCDAA00A4852C /* AppDelegate.swift in Sources */,
				89976EC02E48211600791ED4 /* FolderPresenter.swift in Sources */,
				89976EC52E4829B400791ED4 /* FolderViewController.swift in Sources */,
				897A8B292E3FCDAA00A4852C /* SceneDelegate.swift in Sources */,
				89052CD32E50CD3F00CB0597 /* UseCase.swift in Sources */,
				8944969C2E46547600482CF8 /* MainPresenter.swift in Sources */,
				89976EB52E4755AB00791ED4 /* FolderEntity.swift in Sources */,
			);
			runOnlyForDeploymentPostprocessing = 0;
		};
/* End PBXSourcesBuildPhase section */

/* Begin PBXVariantGroup section */
		897A8B2C2E3FCDAA00A4852C /* Main.storyboard */ = {
			isa = PBXVariantGroup;
			children = (
				897A8B2D2E3FCDAA00A4852C /* Base */,
			);
			name = Main.storyboard;
			sourceTree = "<group>";
		};
		897A8B312E3FCDAB00A4852C /* LaunchScreen.storyboard */ = {
			isa = PBXVariantGroup;
			children = (
				897A8B322E3FCDAB00A4852C /* Base */,
			);
			name = LaunchScreen.storyboard;
			sourceTree = "<group>";
		};
/* End PBXVariantGroup section */

/* Begin XCBuildConfiguration section */
		897A8B352E3FCDAB00A4852C /* Debug */ = {
			isa = XCBuildConfiguration;
			buildSettings = {
				ALWAYS_SEARCH_USER_PATHS = NO;
				ASSETCATALOG_COMPILER_GENERATE_SWIFT_ASSET_SYMBOL_EXTENSIONS = YES;
				CLANG_ANALYZER_NONNULL = YES;
				CLANG_ANALYZER_NUMBER_OBJECT_CONVERSION = YES_AGGRESSIVE;
				CLANG_CXX_LANGUAGE_STANDARD = "gnu++20";
				CLANG_ENABLE_MODULES = YES;
				CLANG_ENABLE_OBJC_ARC = YES;
				CLANG_ENABLE_OBJC_WEAK = YES;
				CLANG_WARN_BLOCK_CAPTURE_AUTORELEASING = YES;
				CLANG_WARN_BOOL_CONVERSION = YES;
				CLANG_WARN_COMMA = YES;
				CLANG_WARN_CONSTANT_CONVERSION = YES;
				CLANG_WARN_DEPRECATED_OBJC_IMPLEMENTATIONS = YES;
				CLANG_WARN_DIRECT_OBJC_ISA_USAGE = YES_ERROR;
				CLANG_WARN_DOCUMENTATION_COMMENTS = YES;
				CLANG_WARN_EMPTY_BODY = YES;
				CLANG_WARN_ENUM_CONVERSION = YES;
				CLANG_WARN_INFINITE_RECURSION = YES;
				CLANG_WARN_INT_CONVERSION = YES;
				CLANG_WARN_NON_LITERAL_NULL_CONVERSION = YES;
				CLANG_WARN_OBJC_IMPLICIT_RETAIN_SELF = YES;
				CLANG_WARN_OBJC_LITERAL_CONVERSION = YES;
				CLANG_WARN_OBJC_ROOT_CLASS = YES_ERROR;
				CLANG_WARN_QUOTED_INCLUDE_IN_FRAMEWORK_HEADER = YES;
				CLANG_WARN_RANGE_LOOP_ANALYSIS = YES;
				CLANG_WARN_STRICT_PROTOTYPES = YES;
				CLANG_WARN_SUSPICIOUS_MOVE = YES;
				CLANG_WARN_UNGUARDED_AVAILABILITY = YES_AGGRESSIVE;
				CLANG_WARN_UNREACHABLE_CODE = YES;
				CLANG_WARN__DUPLICATE_METHOD_MATCH = YES;
				COPY_PHASE_STRIP = NO;
				DEBUG_INFORMATION_FORMAT = dwarf;
				ENABLE_STRICT_OBJC_MSGSEND = YES;
				ENABLE_TESTABILITY = YES;
				ENABLE_USER_SCRIPT_SANDBOXING = YES;
				GCC_C_LANGUAGE_STANDARD = gnu17;
				GCC_DYNAMIC_NO_PIC = NO;
				GCC_NO_COMMON_BLOCKS = YES;
				GCC_OPTIMIZATION_LEVEL = 0;
				GCC_PREPROCESSOR_DEFINITIONS = (
					"DEBUG=1",
					"$(inherited)",
				);
				GCC_WARN_64_TO_32_BIT_CONVERSION = YES;
				GCC_WARN_ABOUT_RETURN_TYPE = YES_ERROR;
				GCC_WARN_UNDECLARED_SELECTOR = YES;
				GCC_WARN_UNINITIALIZED_AUTOS = YES_AGGRESSIVE;
				GCC_WARN_UNUSED_FUNCTION = YES;
				GCC_WARN_UNUSED_VARIABLE = YES;
				IPHONEOS_DEPLOYMENT_TARGET = 17.2;
				LOCALIZATION_PREFERS_STRING_CATALOGS = YES;
				MTL_ENABLE_DEBUG_INFO = INCLUDE_SOURCE;
				MTL_FAST_MATH = YES;
				ONLY_ACTIVE_ARCH = YES;
				SDKROOT = iphoneos;
				SWIFT_ACTIVE_COMPILATION_CONDITIONS = "DEBUG $(inherited)";
				SWIFT_OPTIMIZATION_LEVEL = "-Onone";
			};
			name = Debug;
		};
		897A8B362E3FCDAB00A4852C /* Release */ = {
			isa = XCBuildConfiguration;
			buildSettings = {
				ALWAYS_SEARCH_USER_PATHS = NO;
				ASSETCATALOG_COMPILER_GENERATE_SWIFT_ASSET_SYMBOL_EXTENSIONS = YES;
				CLANG_ANALYZER_NONNULL = YES;
				CLANG_ANALYZER_NUMBER_OBJECT_CONVERSION = YES_AGGRESSIVE;
				CLANG_CXX_LANGUAGE_STANDARD = "gnu++20";
				CLANG_ENABLE_MODULES = YES;
				CLANG_ENABLE_OBJC_ARC = YES;
				CLANG_ENABLE_OBJC_WEAK = YES;
				CLANG_WARN_BLOCK_CAPTURE_AUTORELEASING = YES;
				CLANG_WARN_BOOL_CONVERSION = YES;
				CLANG_WARN_COMMA = YES;
				CLANG_WARN_CONSTANT_CONVERSION = YES;
				CLANG_WARN_DEPRECATED_OBJC_IMPLEMENTATIONS = YES;
				CLANG_WARN_DIRECT_OBJC_ISA_USAGE = YES_ERROR;
				CLANG_WARN_DOCUMENTATION_COMMENTS = YES;
				CLANG_WARN_EMPTY_BODY = YES;
				CLANG_WARN_ENUM_CONVERSION = YES;
				CLANG_WARN_INFINITE_RECURSION = YES;
				CLANG_WARN_INT_CONVERSION = YES;
				CLANG_WARN_NON_LITERAL_NULL_CONVERSION = YES;
				CLANG_WARN_OBJC_IMPLICIT_RETAIN_SELF = YES;
				CLANG_WARN_OBJC_LITERAL_CONVERSION = YES;
				CLANG_WARN_OBJC_ROOT_CLASS = YES_ERROR;
				CLANG_WARN_QUOTED_INCLUDE_IN_FRAMEWORK_HEADER = YES;
				CLANG_WARN_RANGE_LOOP_ANALYSIS = YES;
				CLANG_WARN_STRICT_PROTOTYPES = YES;
				CLANG_WARN_SUSPICIOUS_MOVE = YES;
				CLANG_WARN_UNGUARDED_AVAILABILITY = YES_AGGRESSIVE;
				CLANG_WARN_UNREACHABLE_CODE = YES;
				CLANG_WARN__DUPLICATE_METHOD_MATCH = YES;
				COPY_PHASE_STRIP = NO;
				DEBUG_INFORMATION_FORMAT = "dwarf-with-dsym";
				ENABLE_NS_ASSERTIONS = NO;
				ENABLE_STRICT_OBJC_MSGSEND = YES;
				ENABLE_USER_SCRIPT_SANDBOXING = YES;
				GCC_C_LANGUAGE_STANDARD = gnu17;
				GCC_NO_COMMON_BLOCKS = YES;
				GCC_WARN_64_TO_32_BIT_CONVERSION = YES;
				GCC_WARN_ABOUT_RETURN_TYPE = YES_ERROR;
				GCC_WARN_UNDECLARED_SELECTOR = YES;
				GCC_WARN_UNINITIALIZED_AUTOS = YES_AGGRESSIVE;
				GCC_WARN_UNUSED_FUNCTION = YES;
				GCC_WARN_UNUSED_VARIABLE = YES;
				IPHONEOS_DEPLOYMENT_TARGET = 17.2;
				LOCALIZATION_PREFERS_STRING_CATALOGS = YES;
				MTL_ENABLE_DEBUG_INFO = NO;
				MTL_FAST_MATH = YES;
				SDKROOT = iphoneos;
				SWIFT_COMPILATION_MODE = wholemodule;
				VALIDATE_PRODUCT = YES;
			};
			name = Release;
		};
		897A8B382E3FCDAB00A4852C /* Debug */ = {
			isa = XCBuildConfiguration;
			baseConfigurationReference = D99CE01142F9740F98A4FCBF /* Pods-SmartList.debug.xcconfig */;
			buildSettings = {
				ASSETCATALOG_COMPILER_APPICON_NAME = AppIcon;
				ASSETCATALOG_COMPILER_GLOBAL_ACCENT_COLOR_NAME = AccentColor;
				CODE_SIGN_STYLE = Automatic;
				CURRENT_PROJECT_VERSION = 1;
				DEVELOPMENT_TEAM = MZ56GJQ89B;
				ENABLE_USER_SCRIPT_SANDBOXING = NO;
				GENERATE_INFOPLIST_FILE = YES;
				INFOPLIST_FILE = SmartList/Info.plist;
				INFOPLIST_KEY_UIApplicationSupportsIndirectInputEvents = YES;
				INFOPLIST_KEY_UILaunchStoryboardName = LaunchScreen;
				INFOPLIST_KEY_UIMainStoryboardFile = Main;
				INFOPLIST_KEY_UISupportedInterfaceOrientations_iPad = "UIInterfaceOrientationPortrait UIInterfaceOrientationPortraitUpsideDown UIInterfaceOrientationLandscapeLeft UIInterfaceOrientationLandscapeRight";
				INFOPLIST_KEY_UISupportedInterfaceOrientations_iPhone = "UIInterfaceOrientationPortrait UIInterfaceOrientationLandscapeLeft UIInterfaceOrientationLandscapeRight";
				LD_RUNPATH_SEARCH_PATHS = (
					"$(inherited)",
					"@executable_path/Frameworks",
				);
				MARKETING_VERSION = 1.0;
				PRODUCT_BUNDLE_IDENTIFIER = com.yuta.SmartList;
				PRODUCT_NAME = "$(TARGET_NAME)";
				SWIFT_EMIT_LOC_STRINGS = YES;
				SWIFT_VERSION = 5.0;
				TARGETED_DEVICE_FAMILY = "1,2";
			};
			name = Debug;
		};
		897A8B392E3FCDAB00A4852C /* Release */ = {
			isa = XCBuildConfiguration;
			baseConfigurationReference = 2A64BA55BF695C3374951267 /* Pods-SmartList.release.xcconfig */;
			buildSettings = {
				ASSETCATALOG_COMPILER_APPICON_NAME = AppIcon;
				ASSETCATALOG_COMPILER_GLOBAL_ACCENT_COLOR_NAME = AccentColor;
				CODE_SIGN_STYLE = Automatic;
				CURRENT_PROJECT_VERSION = 1;
				DEVELOPMENT_TEAM = MZ56GJQ89B;
				ENABLE_USER_SCRIPT_SANDBOXING = NO;
				GENERATE_INFOPLIST_FILE = YES;
				INFOPLIST_FILE = SmartList/Info.plist;
				INFOPLIST_KEY_UIApplicationSupportsIndirectInputEvents = YES;
				INFOPLIST_KEY_UILaunchStoryboardName = LaunchScreen;
				INFOPLIST_KEY_UIMainStoryboardFile = Main;
				INFOPLIST_KEY_UISupportedInterfaceOrientations_iPad = "UIInterfaceOrientationPortrait UIInterfaceOrientationPortraitUpsideDown UIInterfaceOrientationLandscapeLeft UIInterfaceOrientationLandscapeRight";
				INFOPLIST_KEY_UISupportedInterfaceOrientations_iPhone = "UIInterfaceOrientationPortrait UIInterfaceOrientationLandscapeLeft UIInterfaceOrientationLandscapeRight";
				LD_RUNPATH_SEARCH_PATHS = (
					"$(inherited)",
					"@executable_path/Frameworks",
				);
				MARKETING_VERSION = 1.0;
				PRODUCT_BUNDLE_IDENTIFIER = com.yuta.SmartList;
				PRODUCT_NAME = "$(TARGET_NAME)";
				SWIFT_EMIT_LOC_STRINGS = YES;
				SWIFT_VERSION = 5.0;
				TARGETED_DEVICE_FAMILY = "1,2";
			};
			name = Release;
		};
/* End XCBuildConfiguration section */

/* Begin XCConfigurationList section */
		897A8B1E2E3FCDAA00A4852C /* Build configuration list for PBXProject "SmartList" */ = {
			isa = XCConfigurationList;
			buildConfigurations = (
				897A8B352E3FCDAB00A4852C /* Debug */,
				897A8B362E3FCDAB00A4852C /* Release */,
			);
			defaultConfigurationIsVisible = 0;
			defaultConfigurationName = Release;
		};
		897A8B372E3FCDAB00A4852C /* Build configuration list for PBXNativeTarget "SmartList" */ = {
			isa = XCConfigurationList;
			buildConfigurations = (
				897A8B382E3FCDAB00A4852C /* Debug */,
				897A8B392E3FCDAB00A4852C /* Release */,
			);
			defaultConfigurationIsVisible = 0;
			defaultConfigurationName = Release;
		};
/* End XCConfigurationList section */

/* Begin XCRemoteSwiftPackageReference section */
		89976EA62E47389400791ED4 /* XCRemoteSwiftPackageReference "realm-swift" */ = {
			isa = XCRemoteSwiftPackageReference;
			repositoryURL = "https://github.com/realm/realm-swift.git";
			requirement = {
				kind = upToNextMajorVersion;
				minimumVersion = 10.10.0;
			};
		};
/* End XCRemoteSwiftPackageReference section */

/* Begin XCSwiftPackageProductDependency section */
		89052CCE2E50B74100CB0597 /* RealmSwift */ = {
			isa = XCSwiftPackageProductDependency;
			package = 89976EA62E47389400791ED4 /* XCRemoteSwiftPackageReference "realm-swift" */;
			productName = RealmSwift;
		};
/* End XCSwiftPackageProductDependency section */
	};
	rootObject = 897A8B1B2E3FCDAA00A4852C /* Project object */;
}
